
Microsoft Visual Studio Solution File, Format Version 12.00
# Visual Studio Version 16
VisualStudioVersion = 16.0.29806.167
MinimumVisualStudioVersion = 15.0.26124.0
Project("{2150E333-8FDC-42A3-9474-1A3956D46DE8}") = "src", "src", "{B3B330C8-B384-4092-A59B-5271DDD3F4FD}"
EndProject
Project("{9A19103F-16F7-4668-BE54-9A1E7A4F7556}") = "IdentityServer", "src\IdentityServer\IdentityServer.csproj", "{EE8AAD19-FD7E-4B85-94A7-032B12C2FD97}"
EndProject
Project("{9A19103F-16F7-4668-BE54-9A1E7A4F7556}") = "Api", "src\Api\Api.csproj", "{EA3C742F-A2FF-4A63-9EE4-B785AEFFDF9B}"
EndProject
Project("{9A19103F-16F7-4668-BE54-9A1E7A4F7556}") = "Client", "src\Client\Client.csproj", "{F61E249D-293C-4458-82AA-2D79032506B4}"
EndProject
Project("{FAE04EC0-301F-11D3-BF4B-00C04F79EFBC}") = "WebApplicationClient", "src\WebApplicationClient\WebApplicationClient.csproj", "{7EA0C708-A945-4870-85DC-1F7D7DD43852}"
EndProject
Project("{FAE04EC0-301F-11D3-BF4B-00C04F79EFBC}") = "JavaScriptClient", "src\JavaScriptClient\JavaScriptClient.csproj", "{E946679F-BEDD-49F7-99E4-CDCD9CFF4E68}"
EndProject
Project("{FAE04EC0-301F-11D3-BF4B-00C04F79EFBC}") = "IdentityServerAspNetIdentity", "src\IdentityServerAspNetIdentity\IdentityServerAspNetIdentity.csproj", "{28A5E7F8-3745-4364-91E9-15117E64F8EB}"
EndProject
Project("{FAE04EC0-301F-11D3-BF4B-00C04F79EFBC}") = "ReactClient", "src\ReactClient\ReactClient.csproj", "{89659FD7-6FA7-44E2-AC6A-5A124E4B52F1}"
EndProject
Global
	GlobalSection(SolutionConfigurationPlatforms) = preSolution
		Debug|Any CPU = Debug|Any CPU
		Debug|x64 = Debug|x64
		Debug|x86 = Debug|x86
		Release|Any CPU = Release|Any CPU
		Release|x64 = Release|x64
		Release|x86 = Release|x86
	EndGlobalSection
	GlobalSection(ProjectConfigurationPlatforms) = postSolution
		{EE8AAD19-FD7E-4B85-94A7-032B12C2FD97}.Debug|Any CPU.ActiveCfg = Debug|Any CPU
		{EE8AAD19-FD7E-4B85-94A7-032B12C2FD97}.Debug|Any CPU.Build.0 = Debug|Any CPU
		{EE8AAD19-FD7E-4B85-94A7-032B12C2FD97}.Debug|x64.ActiveCfg = Debug|Any CPU
		{EE8AAD19-FD7E-4B85-94A7-032B12C2FD97}.Debug|x64.Build.0 = Debug|Any CPU
		{EE8AAD19-FD7E-4B85-94A7-032B12C2FD97}.Debug|x86.ActiveCfg = Debug|Any CPU
		{EE8AAD19-FD7E-4B85-94A7-032B12C2FD97}.Debug|x86.Build.0 = Debug|Any CPU
		{EE8AAD19-FD7E-4B85-94A7-032B12C2FD97}.Release|Any CPU.ActiveCfg = Release|Any CPU
		{EE8AAD19-FD7E-4B85-94A7-032B12C2FD97}.Release|Any CPU.Build.0 = Release|Any CPU
		{EE8AAD19-FD7E-4B85-94A7-032B12C2FD97}.Release|x64.ActiveCfg = Release|Any CPU
		{EE8AAD19-FD7E-4B85-94A7-032B12C2FD97}.Release|x64.Build.0 = Release|Any CPU
		{EE8AAD19-FD7E-4B85-94A7-032B12C2FD97}.Release|x86.ActiveCfg = Release|Any CPU
		{EE8AAD19-FD7E-4B85-94A7-032B12C2FD97}.Release|x86.Build.0 = Release|Any CPU
		{EA3C742F-A2FF-4A63-9EE4-B785AEFFDF9B}.Debug|Any CPU.ActiveCfg = Debug|Any CPU
		{EA3C742F-A2FF-4A63-9EE4-B785AEFFDF9B}.Debug|Any CPU.Build.0 = Debug|Any CPU
		{EA3C742F-A2FF-4A63-9EE4-B785AEFFDF9B}.Debug|x64.ActiveCfg = Debug|Any CPU
		{EA3C742F-A2FF-4A63-9EE4-B785AEFFDF9B}.Debug|x64.Build.0 = Debug|Any CPU
		{EA3C742F-A2FF-4A63-9EE4-B785AEFFDF9B}.Debug|x86.ActiveCfg = Debug|Any CPU
		{EA3C742F-A2FF-4A63-9EE4-B785AEFFDF9B}.Debug|x86.Build.0 = Debug|Any CPU
		{EA3C742F-A2FF-4A63-9EE4-B785AEFFDF9B}.Release|Any CPU.ActiveCfg = Release|Any CPU
		{EA3C742F-A2FF-4A63-9EE4-B785AEFFDF9B}.Release|Any CPU.Build.0 = Release|Any CPU
		{EA3C742F-A2FF-4A63-9EE4-B785AEFFDF9B}.Release|x64.ActiveCfg = Release|Any CPU
		{EA3C742F-A2FF-4A63-9EE4-B785AEFFDF9B}.Release|x64.Build.0 = Release|Any CPU
		{EA3C742F-A2FF-4A63-9EE4-B785AEFFDF9B}.Release|x86.ActiveCfg = Release|Any CPU
		{EA3C742F-A2FF-4A63-9EE4-B785AEFFDF9B}.Release|x86.Build.0 = Release|Any CPU
		{F61E249D-293C-4458-82AA-2D79032506B4}.Debug|Any CPU.ActiveCfg = Debug|Any CPU
		{F61E249D-293C-4458-82AA-2D79032506B4}.Debug|Any CPU.Build.0 = Debug|Any CPU
		{F61E249D-293C-4458-82AA-2D79032506B4}.Debug|x64.ActiveCfg = Debug|Any CPU
		{F61E249D-293C-4458-82AA-2D79032506B4}.Debug|x64.Build.0 = Debug|Any CPU
		{F61E249D-293C-4458-82AA-2D79032506B4}.Debug|x86.ActiveCfg = Debug|Any CPU
		{F61E249D-293C-4458-82AA-2D79032506B4}.Debug|x86.Build.0 = Debug|Any CPU
		{F61E249D-293C-4458-82AA-2D79032506B4}.Release|Any CPU.ActiveCfg = Release|Any CPU
		{F61E249D-293C-4458-82AA-2D79032506B4}.Release|Any CPU.Build.0 = Release|Any CPU
		{F61E249D-293C-4458-82AA-2D79032506B4}.Release|x64.ActiveCfg = Release|Any CPU
		{F61E249D-293C-4458-82AA-2D79032506B4}.Release|x64.Build.0 = Release|Any CPU
		{F61E249D-293C-4458-82AA-2D79032506B4}.Release|x86.ActiveCfg = Release|Any CPU
		{F61E249D-293C-4458-82AA-2D79032506B4}.Release|x86.Build.0 = Release|Any CPU
		{7EA0C708-A945-4870-85DC-1F7D7DD43852}.Debug|Any CPU.ActiveCfg = Debug|Any CPU
		{7EA0C708-A945-4870-85DC-1F7D7DD43852}.Debug|Any CPU.Build.0 = Debug|Any CPU
		{7EA0C708-A945-4870-85DC-1F7D7DD43852}.Debug|x64.ActiveCfg = Debug|Any CPU
		{7EA0C708-A945-4870-85DC-1F7D7DD43852}.Debug|x64.Build.0 = Debug|Any CPU
		{7EA0C708-A945-4870-85DC-1F7D7DD43852}.Debug|x86.ActiveCfg = Debug|Any CPU
		{7EA0C708-A945-4870-85DC-1F7D7DD43852}.Debug|x86.Build.0 = Debug|Any CPU
		{7EA0C708-A945-4870-85DC-1F7D7DD43852}.Release|Any CPU.ActiveCfg = Release|Any CPU
		{7EA0C708-A945-4870-85DC-1F7D7DD43852}.Release|Any CPU.Build.0 = Release|Any CPU
		{7EA0C708-A945-4870-85DC-1F7D7DD43852}.Release|x64.ActiveCfg = Release|Any CPU
		{7EA0C708-A945-4870-85DC-1F7D7DD43852}.Release|x64.Build.0 = Release|Any CPU
		{7EA0C708-A945-4870-85DC-1F7D7DD43852}.Release|x86.ActiveCfg = Release|Any CPU
		{7EA0C708-A945-4870-85DC-1F7D7DD43852}.Release|x86.Build.0 = Release|Any CPU
		{E946679F-BEDD-49F7-99E4-CDCD9CFF4E68}.Debug|Any CPU.ActiveCfg = Debug|Any CPU
		{E946679F-BEDD-49F7-99E4-CDCD9CFF4E68}.Debug|Any CPU.Build.0 = Debug|Any CPU
		{E946679F-BEDD-49F7-99E4-CDCD9CFF4E68}.Debug|x64.ActiveCfg = Debug|Any CPU
		{E946679F-BEDD-49F7-99E4-CDCD9CFF4E68}.Debug|x64.Build.0 = Debug|Any CPU
		{E946679F-BEDD-49F7-99E4-CDCD9CFF4E68}.Debug|x86.ActiveCfg = Debug|Any CPU
		{E946679F-BEDD-49F7-99E4-CDCD9CFF4E68}.Debug|x86.Build.0 = Debug|Any CPU
		{E946679F-BEDD-49F7-99E4-CDCD9CFF4E68}.Release|Any CPU.ActiveCfg = Release|Any CPU
		{E946679F-BEDD-49F7-99E4-CDCD9CFF4E68}.Release|Any CPU.Build.0 = Release|Any CPU
		{E946679F-BEDD-49F7-99E4-CDCD9CFF4E68}.Release|x64.ActiveCfg = Release|Any CPU
		{E946679F-BEDD-49F7-99E4-CDCD9CFF4E68}.Release|x64.Build.0 = Release|Any CPU
		{E946679F-BEDD-49F7-99E4-CDCD9CFF4E68}.Release|x86.ActiveCfg = Release|Any CPU
		{E946679F-BEDD-49F7-99E4-CDCD9CFF4E68}.Release|x86.Build.0 = Release|Any CPU
		{28A5E7F8-3745-4364-91E9-15117E64F8EB}.Debug|Any CPU.ActiveCfg = Debug|Any CPU
		{28A5E7F8-3745-4364-91E9-15117E64F8EB}.Debug|Any CPU.Build.0 = Debug|Any CPU
		{28A5E7F8-3745-4364-91E9-15117E64F8EB}.Debug|x64.ActiveCfg = Debug|Any CPU
		{28A5E7F8-3745-4364-91E9-15117E64F8EB}.Debug|x64.Build.0 = Debug|Any CPU
		{28A5E7F8-3745-4364-91E9-15117E64F8EB}.Debug|x86.ActiveCfg = Debug|Any CPU
		{28A5E7F8-3745-4364-91E9-15117E64F8EB}.Debug|x86.Build.0 = Debug|Any CPU
		{28A5E7F8-3745-4364-91E9-15117E64F8EB}.Release|Any CPU.ActiveCfg = Release|Any CPU
		{28A5E7F8-3745-4364-91E9-15117E64F8EB}.Release|Any CPU.Build.0 = Release|Any CPU
		{28A5E7F8-3745-4364-91E9-15117E64F8EB}.Release|x64.ActiveCfg = Release|Any CPU
		{28A5E7F8-3745-4364-91E9-15117E64F8EB}.Release|x64.Build.0 = Release|Any CPU
		{28A5E7F8-3745-4364-91E9-15117E64F8EB}.Release|x86.ActiveCfg = Release|Any CPU
		{28A5E7F8-3745-4364-91E9-15117E64F8EB}.Release|x86.Build.0 = Release|Any CPU
		{89659FD7-6FA7-44E2-AC6A-5A124E4B52F1}.Debug|Any CPU.ActiveCfg = Debug|Any CPU
		{89659FD7-6FA7-44E2-AC6A-5A124E4B52F1}.Debug|Any CPU.Build.0 = Debug|Any CPU
		{89659FD7-6FA7-44E2-AC6A-5A124E4B52F1}.Debug|x64.ActiveCfg = Debug|Any CPU
		{89659FD7-6FA7-44E2-AC6A-5A124E4B52F1}.Debug|x64.Build.0 = Debug|Any CPU
		{89659FD7-6FA7-44E2-AC6A-5A124E4B52F1}.Debug|x86.ActiveCfg = Debug|Any CPU
		{89659FD7-6FA7-44E2-AC6A-5A124E4B52F1}.Debug|x86.Build.0 = Debug|Any CPU
		{89659FD7-6FA7-44E2-AC6A-5A124E4B52F1}.Release|Any CPU.ActiveCfg = Release|Any CPU
		{89659FD7-6FA7-44E2-AC6A-5A124E4B52F1}.Release|Any CPU.Build.0 = Release|Any CPU
		{89659FD7-6FA7-44E2-AC6A-5A124E4B52F1}.Release|x64.ActiveCfg = Release|Any CPU
		{89659FD7-6FA7-44E2-AC6A-5A124E4B52F1}.Release|x64.Build.0 = Release|Any CPU
		{89659FD7-6FA7-44E2-AC6A-5A124E4B52F1}.Release|x86.ActiveCfg = Release|Any CPU
		{89659FD7-6FA7-44E2-AC6A-5A124E4B52F1}.Release|x86.Build.0 = Release|Any CPU
	EndGlobalSection
	GlobalSection(SolutionProperties) = preSolution
		HideSolutionNode = FALSE
	EndGlobalSection
	GlobalSection(NestedProjects) = preSolution
		{EE8AAD19-FD7E-4B85-94A7-032B12C2FD97} = {B3B330C8-B384-4092-A59B-5271DDD3F4FD}
		{EA3C742F-A2FF-4A63-9EE4-B785AEFFDF9B} = {B3B330C8-B384-4092-A59B-5271DDD3F4FD}
		{F61E249D-293C-4458-82AA-2D79032506B4} = {B3B330C8-B384-4092-A59B-5271DDD3F4FD}
		{7EA0C708-A945-4870-85DC-1F7D7DD43852} = {B3B330C8-B384-4092-A59B-5271DDD3F4FD}
		{E946679F-BEDD-49F7-99E4-CDCD9CFF4E68} = {B3B330C8-B384-4092-A59B-5271DDD3F4FD}
		{28A5E7F8-3745-4364-91E9-15117E64F8EB} = {B3B330C8-B384-4092-A59B-5271DDD3F4FD}
		{89659FD7-6FA7-44E2-AC6A-5A124E4B52F1} = {B3B330C8-B384-4092-A59B-5271DDD3F4FD}
	EndGlobalSection
	GlobalSection(ExtensibilityGlobals) = postSolution
		SolutionGuid = {0E11F197-131A-4775-BB73-A9683FBC8E57}
	EndGlobalSection
EndGlobal
